
Microsoft Visual Studio Solution File, Format Version 12.00
# Visual Studio Version 17
VisualStudioVersion = 17.5.002.0
MinimumVisualStudioVersion = 10.0.40219.1
Project("{2150E333-8FDC-42A3-9474-1A3956D46DE8}") = "csharp-prep", "csharp-prep", "{B805F6F3-338D-45A2-AA8D-4FCA3FB08036}"
EndProject
Project("{9A19103F-16F7-4668-BE54-9A1E7A4F7556}") = "Prep1", "csharp-prep\Prep1\Prep1.csproj", "{DA7E2927-DA0D-4AB8-B443-D124D2E15C7E}"
EndProject
Project("{9A19103F-16F7-4668-BE54-9A1E7A4F7556}") = "Prep2", "csharp-prep\Prep2\Prep2.csproj", "{E53AF2D4-89B4-4AF9-A8E4-476EC12124A7}"
EndProject
Project("{9A19103F-16F7-4668-BE54-9A1E7A4F7556}") = "Prep3", "csharp-prep\Prep3\Prep3.csproj", "{82AA8826-C641-45E7-AE7D-4BF02BBFB0BF}"
EndProject
Project("{9A19103F-16F7-4668-BE54-9A1E7A4F7556}") = "Prep4", "csharp-prep\Prep4\Prep4.csproj", "{F4FCFBC9-39C5-4EA8-A1AB-8E771D405983}"
EndProject
Project("{9A19103F-16F7-4668-BE54-9A1E7A4F7556}") = "Prep5", "csharp-prep\Prep5\Prep5.csproj", "{5503D02A-D0F1-4AFF-B9E6-8820FBD2F7E9}"
EndProject
Project("{2150E333-8FDC-42A3-9474-1A3956D46DE8}") = "final", "final", "{CF0B283B-17C3-497B-98B4-6DACB34207DF}"
EndProject
Project("{9A19103F-16F7-4668-BE54-9A1E7A4F7556}") = "FinalProject", "final\FinalProject\FinalProject.csproj", "{56DE619F-BC28-41F7-A3CB-9DCB62DBCB2D}"
EndProject
Project("{9A19103F-16F7-4668-BE54-9A1E7A4F7556}") = "Foundation1", "final\Foundation1\Foundation1.csproj", "{F69EB325-A432-4DFE-A2F0-DA2283D9BCA8}"
EndProject
Project("{9A19103F-16F7-4668-BE54-9A1E7A4F7556}") = "Foundation2", "final\Foundation2\Foundation2.csproj", "{5E8F279D-53E8-4E0A-8242-018852083431}"
EndProject
Project("{9A19103F-16F7-4668-BE54-9A1E7A4F7556}") = "Foundation3", "final\Foundation3\Foundation3.csproj", "{4A3FBC47-3BA9-4C41-BEFD-3C77FEC0395F}"
EndProject
Project("{9A19103F-16F7-4668-BE54-9A1E7A4F7556}") = "Foundation4", "final\Foundation4\Foundation4.csproj", "{59C9D9ED-34E9-4A98-88DB-9A63C93408E6}"
EndProject
Project("{2150E333-8FDC-42A3-9474-1A3956D46DE8}") = "prepare", "prepare", "{CDA09886-144E-4D12-83D2-7D8EDC24F14F}"
EndProject
Project("{9A19103F-16F7-4668-BE54-9A1E7A4F7556}") = "Learning02", "prepare\Learning02\Learning02.csproj", "{CD0BA140-E678-42D3-B097-B43743A43D6F}"
EndProject
Project("{9A19103F-16F7-4668-BE54-9A1E7A4F7556}") = "Learning03", "prepare\Learning03\Learning03.csproj", "{C11D6B6F-948B-406F-8C0C-6B0C64659FB0}"
EndProject
Project("{9A19103F-16F7-4668-BE54-9A1E7A4F7556}") = "Learning04", "prepare\Learning04\Learning04.csproj", "{FB5D7EC0-900B-42D4-964B-037613C8A091}"
EndProject
Project("{9A19103F-16F7-4668-BE54-9A1E7A4F7556}") = "Learning05", "prepare\Learning05\Learning05.csproj", "{5F12B6D8-7D02-4268-95DD-A6248FD0D7B8}"
EndProject
Project("{2150E333-8FDC-42A3-9474-1A3956D46DE8}") = "prove", "prove", "{16B7B211-B1BC-4BC9-90F0-788EAB63264A}"
EndProject
Project("{9A19103F-16F7-4668-BE54-9A1E7A4F7556}") = "Develop02", "prove\Develop02\Develop02.csproj", "{F8529163-D597-45A6-ACC3-3C7BF89526E8}"
EndProject
Project("{9A19103F-16F7-4668-BE54-9A1E7A4F7556}") = "Develop03", "prove\Develop03\Develop03.csproj", "{9FD3164D-62A3-483C-9CC9-91C05DF61928}"
EndProject
Project("{9A19103F-16F7-4668-BE54-9A1E7A4F7556}") = "Develop04", "prove\Develop04\Develop04.csproj", "{39701EFF-E2DD-4F7B-8351-9536DAC0B284}"
EndProject
Project("{9A19103F-16F7-4668-BE54-9A1E7A4F7556}") = "Develop05", "prove\Develop05\Develop05.csproj", "{D052FB4E-6F73-403C-9872-6D0A68892010}"
EndProject
Project("{2150E333-8FDC-42A3-9474-1A3956D46DE8}") = "sandbox", "sandbox", "{8174AF34-6E2B-41F5-A2A8-C9916F30F1D7}"
EndProject
Project("{9A19103F-16F7-4668-BE54-9A1E7A4F7556}") = "Sandbox", "sandbox\Sandbox\Sandbox.csproj", "{95495E12-C8DA-4E9F-B1C6-21D827F50095}"
EndProject
Global
	GlobalSection(SolutionConfigurationPlatforms) = preSolution
		Debug|Any CPU = Debug|Any CPU
		Release|Any CPU = Release|Any CPU
	EndGlobalSection
	GlobalSection(ProjectConfigurationPlatforms) = postSolution
		{DA7E2927-DA0D-4AB8-B443-D124D2E15C7E}.Debug|Any CPU.ActiveCfg = Debug|Any CPU
		{DA7E2927-DA0D-4AB8-B443-D124D2E15C7E}.Debug|Any CPU.Build.0 = Debug|Any CPU
		{DA7E2927-DA0D-4AB8-B443-D124D2E15C7E}.Release|Any CPU.ActiveCfg = Release|Any CPU
		{DA7E2927-DA0D-4AB8-B443-D124D2E15C7E}.Release|Any CPU.Build.0 = Release|Any CPU
		{E53AF2D4-89B4-4AF9-A8E4-476EC12124A7}.Debug|Any CPU.ActiveCfg = Debug|Any CPU
		{E53AF2D4-89B4-4AF9-A8E4-476EC12124A7}.Debug|Any CPU.Build.0 = Debug|Any CPU
		{E53AF2D4-89B4-4AF9-A8E4-476EC12124A7}.Release|Any CPU.ActiveCfg = Release|Any CPU
		{E53AF2D4-89B4-4AF9-A8E4-476EC12124A7}.Release|Any CPU.Build.0 = Release|Any CPU
		{82AA8826-C641-45E7-AE7D-4BF02BBFB0BF}.Debug|Any CPU.ActiveCfg = Debug|Any CPU
		{82AA8826-C641-45E7-AE7D-4BF02BBFB0BF}.Debug|Any CPU.Build.0 = Debug|Any CPU
		{82AA8826-C641-45E7-AE7D-4BF02BBFB0BF}.Release|Any CPU.ActiveCfg = Release|Any CPU
		{82AA8826-C641-45E7-AE7D-4BF02BBFB0BF}.Release|Any CPU.Build.0 = Release|Any CPU
		{F4FCFBC9-39C5-4EA8-A1AB-8E771D405983}.Debug|Any CPU.ActiveCfg = Debug|Any CPU
		{F4FCFBC9-39C5-4EA8-A1AB-8E771D405983}.Debug|Any CPU.Build.0 = Debug|Any CPU
		{F4FCFBC9-39C5-4EA8-A1AB-8E771D405983}.Release|Any CPU.ActiveCfg = Release|Any CPU
		{F4FCFBC9-39C5-4EA8-A1AB-8E771D405983}.Release|Any CPU.Build.0 = Release|Any CPU
		{5503D02A-D0F1-4AFF-B9E6-8820FBD2F7E9}.Debug|Any CPU.ActiveCfg = Debug|Any CPU
		{5503D02A-D0F1-4AFF-B9E6-8820FBD2F7E9}.Debug|Any CPU.Build.0 = Debug|Any CPU
		{5503D02A-D0F1-4AFF-B9E6-8820FBD2F7E9}.Release|Any CPU.ActiveCfg = Release|Any CPU
		{5503D02A-D0F1-4AFF-B9E6-8820FBD2F7E9}.Release|Any CPU.Build.0 = Release|Any CPU
		{56DE619F-BC28-41F7-A3CB-9DCB62DBCB2D}.Debug|Any CPU.ActiveCfg = Debug|Any CPU
		{56DE619F-BC28-41F7-A3CB-9DCB62DBCB2D}.Debug|Any CPU.Build.0 = Debug|Any CPU
		{56DE619F-BC28-41F7-A3CB-9DCB62DBCB2D}.Release|Any CPU.ActiveCfg = Release|Any CPU
		{56DE619F-BC28-41F7-A3CB-9DCB62DBCB2D}.Release|Any CPU.Build.0 = Release|Any CPU
		{F69EB325-A432-4DFE-A2F0-DA2283D9BCA8}.Debug|Any CPU.ActiveCfg = Debug|Any CPU
		{F69EB325-A432-4DFE-A2F0-DA2283D9BCA8}.Debug|Any CPU.Build.0 = Debug|Any CPU
		{F69EB325-A432-4DFE-A2F0-DA2283D9BCA8}.Release|Any CPU.ActiveCfg = Release|Any CPU
		{F69EB325-A432-4DFE-A2F0-DA2283D9BCA8}.Release|Any CPU.Build.0 = Release|Any CPU
		{5E8F279D-53E8-4E0A-8242-018852083431}.Debug|Any CPU.ActiveCfg = Debug|Any CPU
		{5E8F279D-53E8-4E0A-8242-018852083431}.Debug|Any CPU.Build.0 = Debug|Any CPU
		{5E8F279D-53E8-4E0A-8242-018852083431}.Release|Any CPU.ActiveCfg = Release|Any CPU
		{5E8F279D-53E8-4E0A-8242-018852083431}.Release|Any CPU.Build.0 = Release|Any CPU
		{4A3FBC47-3BA9-4C41-BEFD-3C77FEC0395F}.Debug|Any CPU.ActiveCfg = Debug|Any CPU
		{4A3FBC47-3BA9-4C41-BEFD-3C77FEC0395F}.Debug|Any CPU.Build.0 = Debug|Any CPU
		{4A3FBC47-3BA9-4C41-BEFD-3C77FEC0395F}.Release|Any CPU.ActiveCfg = Release|Any CPU
		{4A3FBC47-3BA9-4C41-BEFD-3C77FEC0395F}.Release|Any CPU.Build.0 = Release|Any CPU
		{59C9D9ED-34E9-4A98-88DB-9A63C93408E6}.Debug|Any CPU.ActiveCfg = Debug|Any CPU
		{59C9D9ED-34E9-4A98-88DB-9A63C93408E6}.Debug|Any CPU.Build.0 = Debug|Any CPU
		{59C9D9ED-34E9-4A98-88DB-9A63C93408E6}.Release|Any CPU.ActiveCfg = Release|Any CPU
		{59C9D9ED-34E9-4A98-88DB-9A63C93408E6}.Release|Any CPU.Build.0 = Release|Any CPU
		{CD0BA140-E678-42D3-B097-B43743A43D6F}.Debug|Any CPU.ActiveCfg = Debug|Any CPU
		{CD0BA140-E678-42D3-B097-B43743A43D6F}.Debug|Any CPU.Build.0 = Debug|Any CPU
		{CD0BA140-E678-42D3-B097-B43743A43D6F}.Release|Any CPU.ActiveCfg = Release|Any CPU
		{CD0BA140-E678-42D3-B097-B43743A43D6F}.Release|Any CPU.Build.0 = Release|Any CPU
		{C11D6B6F-948B-406F-8C0C-6B0C64659FB0}.Debug|Any CPU.ActiveCfg = Debug|Any CPU
		{C11D6B6F-948B-406F-8C0C-6B0C64659FB0}.Debug|Any CPU.Build.0 = Debug|Any CPU
		{C11D6B6F-948B-406F-8C0C-6B0C64659FB0}.Release|Any CPU.ActiveCfg = Release|Any CPU
		{C11D6B6F-948B-406F-8C0C-6B0C64659FB0}.Release|Any CPU.Build.0 = Release|Any CPU
		{FB5D7EC0-900B-42D4-964B-037613C8A091}.Debug|Any CPU.ActiveCfg = Debug|Any CPU
		{FB5D7EC0-900B-42D4-964B-037613C8A091}.Debug|Any CPU.Build.0 = Debug|Any CPU
		{FB5D7EC0-900B-42D4-964B-037613C8A091}.Release|Any CPU.ActiveCfg = Release|Any CPU
		{FB5D7EC0-900B-42D4-964B-037613C8A091}.Release|Any CPU.Build.0 = Release|Any CPU
		{5F12B6D8-7D02-4268-95DD-A6248FD0D7B8}.Debug|Any CPU.ActiveCfg = Debug|Any CPU
		{5F12B6D8-7D02-4268-95DD-A6248FD0D7B8}.Debug|Any CPU.Build.0 = Debug|Any CPU
		{5F12B6D8-7D02-4268-95DD-A6248FD0D7B8}.Release|Any CPU.ActiveCfg = Release|Any CPU
		{5F12B6D8-7D02-4268-95DD-A6248FD0D7B8}.Release|Any CPU.Build.0 = Release|Any CPU
		{F8529163-D597-45A6-ACC3-3C7BF89526E8}.Debug|Any CPU.ActiveCfg = Debug|Any CPU
		{F8529163-D597-45A6-ACC3-3C7BF89526E8}.Debug|Any CPU.Build.0 = Debug|Any CPU
		{F8529163-D597-45A6-ACC3-3C7BF89526E8}.Release|Any CPU.ActiveCfg = Release|Any CPU
		{F8529163-D597-45A6-ACC3-3C7BF89526E8}.Release|Any CPU.Build.0 = Release|Any CPU
		{9FD3164D-62A3-483C-9CC9-91C05DF61928}.Debug|Any CPU.ActiveCfg = Debug|Any CPU
		{9FD3164D-62A3-483C-9CC9-91C05DF61928}.Debug|Any CPU.Build.0 = Debug|Any CPU
		{9FD3164D-62A3-483C-9CC9-91C05DF61928}.Release|Any CPU.ActiveCfg = Release|Any CPU
		{9FD3164D-62A3-483C-9CC9-91C05DF61928}.Release|Any CPU.Build.0 = Release|Any CPU
		{39701EFF-E2DD-4F7B-8351-9536DAC0B284}.Debug|Any CPU.ActiveCfg = Debug|Any CPU
		{39701EFF-E2DD-4F7B-8351-9536DAC0B284}.Debug|Any CPU.Build.0 = Debug|Any CPU
		{39701EFF-E2DD-4F7B-8351-9536DAC0B284}.Release|Any CPU.ActiveCfg = Release|Any CPU
		{39701EFF-E2DD-4F7B-8351-9536DAC0B284}.Release|Any CPU.Build.0 = Release|Any CPU
		{D052FB4E-6F73-403C-9872-6D0A68892010}.Debug|Any CPU.ActiveCfg = Debug|Any CPU
		{D052FB4E-6F73-403C-9872-6D0A68892010}.Debug|Any CPU.Build.0 = Debug|Any CPU
		{D052FB4E-6F73-403C-9872-6D0A68892010}.Release|Any CPU.ActiveCfg = Release|Any CPU
		{D052FB4E-6F73-403C-9872-6D0A68892010}.Release|Any CPU.Build.0 = Release|Any CPU
		{95495E12-C8DA-4E9F-B1C6-21D827F50095}.Debug|Any CPU.ActiveCfg = Debug|Any CPU
		{95495E12-C8DA-4E9F-B1C6-21D827F50095}.Debug|Any CPU.Build.0 = Debug|Any CPU
		{95495E12-C8DA-4E9F-B1C6-21D827F50095}.Release|Any CPU.ActiveCfg = Release|Any CPU
		{95495E12-C8DA-4E9F-B1C6-21D827F50095}.Release|Any CPU.Build.0 = Release|Any CPU
	EndGlobalSection
	GlobalSection(SolutionProperties) = preSolution
		HideSolutionNode = FALSE
	EndGlobalSection
	GlobalSection(NestedProjects) = preSolution
		{DA7E2927-DA0D-4AB8-B443-D124D2E15C7E} = {B805F6F3-338D-45A2-AA8D-4FCA3FB08036}
		{E53AF2D4-89B4-4AF9-A8E4-476EC12124A7} = {B805F6F3-338D-45A2-AA8D-4FCA3FB08036}
		{82AA8826-C641-45E7-AE7D-4BF02BBFB0BF} = {B805F6F3-338D-45A2-AA8D-4FCA3FB08036}
		{F4FCFBC9-39C5-4EA8-A1AB-8E771D405983} = {B805F6F3-338D-45A2-AA8D-4FCA3FB08036}
		{5503D02A-D0F1-4AFF-B9E6-8820FBD2F7E9} = {B805F6F3-338D-45A2-AA8D-4FCA3FB08036}
		{56DE619F-BC28-41F7-A3CB-9DCB62DBCB2D} = {CF0B283B-17C3-497B-98B4-6DACB34207DF}
		{F69EB325-A432-4DFE-A2F0-DA2283D9BCA8} = {CF0B283B-17C3-497B-98B4-6DACB34207DF}
		{5E8F279D-53E8-4E0A-8242-018852083431} = {CF0B283B-17C3-497B-98B4-6DACB34207DF}
		{4A3FBC47-3BA9-4C41-BEFD-3C77FEC0395F} = {CF0B283B-17C3-497B-98B4-6DACB34207DF}
		{59C9D9ED-34E9-4A98-88DB-9A63C93408E6} = {CF0B283B-17C3-497B-98B4-6DACB34207DF}
		{CD0BA140-E678-42D3-B097-B43743A43D6F} = {CDA09886-144E-4D12-83D2-7D8EDC24F14F}
		{C11D6B6F-948B-406F-8C0C-6B0C64659FB0} = {CDA09886-144E-4D12-83D2-7D8EDC24F14F}
		{FB5D7EC0-900B-42D4-964B-037613C8A091} = {CDA09886-144E-4D12-83D2-7D8EDC24F14F}
		{5F12B6D8-7D02-4268-95DD-A6248FD0D7B8} = {CDA09886-144E-4D12-83D2-7D8EDC24F14F}
		{F8529163-D597-45A6-ACC3-3C7BF89526E8} = {16B7B211-B1BC-4BC9-90F0-788EAB63264A}
		{9FD3164D-62A3-483C-9CC9-91C05DF61928} = {16B7B211-B1BC-4BC9-90F0-788EAB63264A}
		{39701EFF-E2DD-4F7B-8351-9536DAC0B284} = {16B7B211-B1BC-4BC9-90F0-788EAB63264A}
		{D052FB4E-6F73-403C-9872-6D0A68892010} = {16B7B211-B1BC-4BC9-90F0-788EAB63264A}
		{95495E12-C8DA-4E9F-B1C6-21D827F50095} = {8174AF34-6E2B-41F5-A2A8-C9916F30F1D7}
	EndGlobalSection
	GlobalSection(ExtensibilityGlobals) = postSolution
		SolutionGuid = {CA9C69DF-4A0D-40B6-949B-2876D761F76D}
	EndGlobalSection
EndGlobal
